// !$*UTF8*$!
{
	archiveVersion = 1;
	classes = {
	};
	objectVersion = 46;
	objects = {

/* Begin PBXBuildFile section */
		03D2FAD4179D86421F276A7A /* libPods-APMessenger.a in Frameworks */ = {isa = PBXBuildFile; fileRef = 2686E2DBA7AB0D692214CF4F /* libPods-APMessenger.a */; };
		0FF656141E35499C00C5D5D0 /* RestHelper.m in Sources */ = {isa = PBXBuildFile; fileRef = 0FF656111E35499C00C5D5D0 /* RestHelper.m */; };
		0FF656151E35499C00C5D5D0 /* TabViewController.m in Sources */ = {isa = PBXBuildFile; fileRef = 0FF656131E35499C00C5D5D0 /* TabViewController.m */; };
		546C94DF1E107AFD00571006 /* main.m in Sources */ = {isa = PBXBuildFile; fileRef = 546C94DE1E107AFD00571006 /* main.m */; };
		546C94E21E107AFD00571006 /* AppDelegate.m in Sources */ = {isa = PBXBuildFile; fileRef = 546C94E11E107AFD00571006 /* AppDelegate.m */; };
		546C94E51E107AFD00571006 /* ViewController.m in Sources */ = {isa = PBXBuildFile; fileRef = 546C94E41E107AFD00571006 /* ViewController.m */; };
		546C94E81E107AFD00571006 /* Main.storyboard in Resources */ = {isa = PBXBuildFile; fileRef = 546C94E61E107AFD00571006 /* Main.storyboard */; };
		546C94EA1E107AFD00571006 /* Assets.xcassets in Resources */ = {isa = PBXBuildFile; fileRef = 546C94E91E107AFD00571006 /* Assets.xcassets */; };
		546C94ED1E107AFD00571006 /* LaunchScreen.storyboard in Resources */ = {isa = PBXBuildFile; fileRef = 546C94EB1E107AFD00571006 /* LaunchScreen.storyboard */; };
		546C94F81E107AFD00571006 /* APMessengerTests.m in Sources */ = {isa = PBXBuildFile; fileRef = 546C94F71E107AFD00571006 /* APMessengerTests.m */; };
		546C95031E107AFD00571006 /* APMessengerUITests.m in Sources */ = {isa = PBXBuildFile; fileRef = 546C95021E107AFD00571006 /* APMessengerUITests.m */; };
		BF02D7D11E25A501003A2066 /* RecentTableViewController.m in Sources */ = {isa = PBXBuildFile; fileRef = BF02D7D01E25A501003A2066 /* RecentTableViewController.m */; };
		BF44D9571E26B530004F083A /* ContactsViewController.m in Sources */ = {isa = PBXBuildFile; fileRef = BF44D9561E26B530004F083A /* ContactsViewController.m */; };
		BF76C9301E26C0C800D3CC49 /* ContactProfileViewController.m in Sources */ = {isa = PBXBuildFile; fileRef = BF76C92F1E26C0C800D3CC49 /* ContactProfileViewController.m */; };
		BF76C9331E26C26400D3CC49 /* ChatViewController.m in Sources */ = {isa = PBXBuildFile; fileRef = BF76C9321E26C26400D3CC49 /* ChatViewController.m */; };
/* End PBXBuildFile section */

/* Begin PBXContainerItemProxy section */
		546C94F41E107AFD00571006 /* PBXContainerItemProxy */ = {
			isa = PBXContainerItemProxy;
			containerPortal = 546C94D21E107AFD00571006 /* Project object */;
			proxyType = 1;
			remoteGlobalIDString = 546C94D91E107AFD00571006;
			remoteInfo = APMessenger;
		};
		546C94FF1E107AFD00571006 /* PBXContainerItemProxy */ = {
			isa = PBXContainerItemProxy;
			containerPortal = 546C94D21E107AFD00571006 /* Project object */;
			proxyType = 1;
			remoteGlobalIDString = 546C94D91E107AFD00571006;
			remoteInfo = APMessenger;
		};
/* End PBXContainerItemProxy section */

/* Begin PBXFileReference section */
		0FF656101E35499C00C5D5D0 /* RestHelper.h */ = {isa = PBXFileReference; fileEncoding = 4; lastKnownFileType = sourcecode.c.h; path = RestHelper.h; sourceTree = "<group>"; };
		0FF656111E35499C00C5D5D0 /* RestHelper.m */ = {isa = PBXFileReference; fileEncoding = 4; lastKnownFileType = sourcecode.c.objc; path = RestHelper.m; sourceTree = "<group>"; };
		0FF656121E35499C00C5D5D0 /* TabViewController.h */ = {isa = PBXFileReference; fileEncoding = 4; lastKnownFileType = sourcecode.c.h; path = TabViewController.h; sourceTree = "<group>"; };
		0FF656131E35499C00C5D5D0 /* TabViewController.m */ = {isa = PBXFileReference; fileEncoding = 4; lastKnownFileType = sourcecode.c.objc; path = TabViewController.m; sourceTree = "<group>"; };
		2686E2DBA7AB0D692214CF4F /* libPods-APMessenger.a */ = {isa = PBXFileReference; explicitFileType = archive.ar; includeInIndex = 0; path = "libPods-APMessenger.a"; sourceTree = BUILT_PRODUCTS_DIR; };
		546C94DA1E107AFD00571006 /* APMessenger.app */ = {isa = PBXFileReference; explicitFileType = wrapper.application; includeInIndex = 0; path = APMessenger.app; sourceTree = BUILT_PRODUCTS_DIR; };
		546C94DE1E107AFD00571006 /* main.m */ = {isa = PBXFileReference; lastKnownFileType = sourcecode.c.objc; path = main.m; sourceTree = "<group>"; };
		546C94E01E107AFD00571006 /* AppDelegate.h */ = {isa = PBXFileReference; lastKnownFileType = sourcecode.c.h; path = AppDelegate.h; sourceTree = "<group>"; };
		546C94E11E107AFD00571006 /* AppDelegate.m */ = {isa = PBXFileReference; lastKnownFileType = sourcecode.c.objc; path = AppDelegate.m; sourceTree = "<group>"; };
		546C94E31E107AFD00571006 /* ViewController.h */ = {isa = PBXFileReference; lastKnownFileType = sourcecode.c.h; path = ViewController.h; sourceTree = "<group>"; };
		546C94E41E107AFD00571006 /* ViewController.m */ = {isa = PBXFileReference; lastKnownFileType = sourcecode.c.objc; path = ViewController.m; sourceTree = "<group>"; };
		546C94E71E107AFD00571006 /* Base */ = {isa = PBXFileReference; lastKnownFileType = file.storyboard; name = Base; path = Base.lproj/Main.storyboard; sourceTree = "<group>"; };
		546C94E91E107AFD00571006 /* Assets.xcassets */ = {isa = PBXFileReference; lastKnownFileType = folder.assetcatalog; path = Assets.xcassets; sourceTree = "<group>"; };
		546C94EC1E107AFD00571006 /* Base */ = {isa = PBXFileReference; lastKnownFileType = file.storyboard; name = Base; path = Base.lproj/LaunchScreen.storyboard; sourceTree = "<group>"; };
		546C94EE1E107AFD00571006 /* Info.plist */ = {isa = PBXFileReference; lastKnownFileType = text.plist.xml; path = Info.plist; sourceTree = "<group>"; };
		546C94F31E107AFD00571006 /* APMessengerTests.xctest */ = {isa = PBXFileReference; explicitFileType = wrapper.cfbundle; includeInIndex = 0; path = APMessengerTests.xctest; sourceTree = BUILT_PRODUCTS_DIR; };
		546C94F71E107AFD00571006 /* APMessengerTests.m */ = {isa = PBXFileReference; lastKnownFileType = sourcecode.c.objc; path = APMessengerTests.m; sourceTree = "<group>"; };
		546C94F91E107AFD00571006 /* Info.plist */ = {isa = PBXFileReference; lastKnownFileType = text.plist.xml; path = Info.plist; sourceTree = "<group>"; };
		546C94FE1E107AFD00571006 /* APMessengerUITests.xctest */ = {isa = PBXFileReference; explicitFileType = wrapper.cfbundle; includeInIndex = 0; path = APMessengerUITests.xctest; sourceTree = BUILT_PRODUCTS_DIR; };
		546C95021E107AFD00571006 /* APMessengerUITests.m */ = {isa = PBXFileReference; lastKnownFileType = sourcecode.c.objc; path = APMessengerUITests.m; sourceTree = "<group>"; };
		546C95041E107AFD00571006 /* Info.plist */ = {isa = PBXFileReference; lastKnownFileType = text.plist.xml; path = Info.plist; sourceTree = "<group>"; };
		9DF23F6704F6D34C2CD7271B /* Pods-APMessenger.debug.xcconfig */ = {isa = PBXFileReference; includeInIndex = 1; lastKnownFileType = text.xcconfig; name = "Pods-APMessenger.debug.xcconfig"; path = "Pods/Target Support Files/Pods-APMessenger/Pods-APMessenger.debug.xcconfig"; sourceTree = "<group>"; };
		BD4809E229DF0814B75AEAF5 /* Pods-APMessenger.release.xcconfig */ = {isa = PBXFileReference; includeInIndex = 1; lastKnownFileType = text.xcconfig; name = "Pods-APMessenger.release.xcconfig"; path = "Pods/Target Support Files/Pods-APMessenger/Pods-APMessenger.release.xcconfig"; sourceTree = "<group>"; };
		BF02D7CF1E25A501003A2066 /* RecentTableViewController.h */ = {isa = PBXFileReference; fileEncoding = 4; lastKnownFileType = sourcecode.c.h; path = RecentTableViewController.h; sourceTree = "<group>"; };
		BF02D7D01E25A501003A2066 /* RecentTableViewController.m */ = {isa = PBXFileReference; fileEncoding = 4; lastKnownFileType = sourcecode.c.objc; path = RecentTableViewController.m; sourceTree = "<group>"; };
		BF44D9551E26B530004F083A /* ContactsViewController.h */ = {isa = PBXFileReference; fileEncoding = 4; lastKnownFileType = sourcecode.c.h; path = ContactsViewController.h; sourceTree = "<group>"; };
		BF44D9561E26B530004F083A /* ContactsViewController.m */ = {isa = PBXFileReference; fileEncoding = 4; lastKnownFileType = sourcecode.c.objc; path = ContactsViewController.m; sourceTree = "<group>"; };
		BF76C92E1E26C0C800D3CC49 /* ContactProfileViewController.h */ = {isa = PBXFileReference; fileEncoding = 4; lastKnownFileType = sourcecode.c.h; path = ContactProfileViewController.h; sourceTree = "<group>"; };
		BF76C92F1E26C0C800D3CC49 /* ContactProfileViewController.m */ = {isa = PBXFileReference; fileEncoding = 4; lastKnownFileType = sourcecode.c.objc; path = ContactProfileViewController.m; sourceTree = "<group>"; };
		BF76C9311E26C26400D3CC49 /* ChatViewController.h */ = {isa = PBXFileReference; fileEncoding = 4; lastKnownFileType = sourcecode.c.h; path = ChatViewController.h; sourceTree = "<group>"; };
		BF76C9321E26C26400D3CC49 /* ChatViewController.m */ = {isa = PBXFileReference; fileEncoding = 4; lastKnownFileType = sourcecode.c.objc; path = ChatViewController.m; sourceTree = "<group>"; };
/* End PBXFileReference section */

/* Begin PBXFrameworksBuildPhase section */
		546C94D71E107AFD00571006 /* Frameworks */ = {
			isa = PBXFrameworksBuildPhase;
			buildActionMask = 2147483647;
			files = (
				03D2FAD4179D86421F276A7A /* libPods-APMessenger.a in Frameworks */,
			);
			runOnlyForDeploymentPostprocessing = 0;
		};
		546C94F01E107AFD00571006 /* Frameworks */ = {
			isa = PBXFrameworksBuildPhase;
			buildActionMask = 2147483647;
			files = (
			);
			runOnlyForDeploymentPostprocessing = 0;
		};
		546C94FB1E107AFD00571006 /* Frameworks */ = {
			isa = PBXFrameworksBuildPhase;
			buildActionMask = 2147483647;
			files = (
			);
			runOnlyForDeploymentPostprocessing = 0;
		};
/* End PBXFrameworksBuildPhase section */

/* Begin PBXGroup section */
		4FF0D0A48A470650BE8D523E /* Pods */ = {
			isa = PBXGroup;
			children = (
				9DF23F6704F6D34C2CD7271B /* Pods-APMessenger.debug.xcconfig */,
				BD4809E229DF0814B75AEAF5 /* Pods-APMessenger.release.xcconfig */,
			);
			name = Pods;
			sourceTree = "<group>";
		};
		546C94D11E107AFD00571006 = {
			isa = PBXGroup;
			children = (
				546C94DC1E107AFD00571006 /* APMessenger */,
				546C94F61E107AFD00571006 /* APMessengerTests */,
				546C95011E107AFD00571006 /* APMessengerUITests */,
				546C94DB1E107AFD00571006 /* Products */,
				4FF0D0A48A470650BE8D523E /* Pods */,
				E5E06F15FC07BF451B238615 /* Frameworks */,
			);
			sourceTree = "<group>";
		};
		546C94DB1E107AFD00571006 /* Products */ = {
			isa = PBXGroup;
			children = (
				546C94DA1E107AFD00571006 /* APMessenger.app */,
				546C94F31E107AFD00571006 /* APMessengerTests.xctest */,
				546C94FE1E107AFD00571006 /* APMessengerUITests.xctest */,
			);
			name = Products;
			sourceTree = "<group>";
		};
		546C94DC1E107AFD00571006 /* APMessenger */ = {
			isa = PBXGroup;
			children = (
				0FF656101E35499C00C5D5D0 /* RestHelper.h */,
				0FF656111E35499C00C5D5D0 /* RestHelper.m */,
				0FF656121E35499C00C5D5D0 /* TabViewController.h */,
				0FF656131E35499C00C5D5D0 /* TabViewController.m */,
				546C94E01E107AFD00571006 /* AppDelegate.h */,
				546C94E11E107AFD00571006 /* AppDelegate.m */,
				546C94E31E107AFD00571006 /* ViewController.h */,
				546C94E41E107AFD00571006 /* ViewController.m */,
				BF02D7CF1E25A501003A2066 /* RecentTableViewController.h */,
				BF02D7D01E25A501003A2066 /* RecentTableViewController.m */,
				BF44D9551E26B530004F083A /* ContactsViewController.h */,
				BF44D9561E26B530004F083A /* ContactsViewController.m */,
				BF76C92E1E26C0C800D3CC49 /* ContactProfileViewController.h */,
				BF76C92F1E26C0C800D3CC49 /* ContactProfileViewController.m */,
				BF76C9311E26C26400D3CC49 /* ChatViewController.h */,
				BF76C9321E26C26400D3CC49 /* ChatViewController.m */,
				546C94E61E107AFD00571006 /* Main.storyboard */,
				546C94E91E107AFD00571006 /* Assets.xcassets */,
				546C94EB1E107AFD00571006 /* LaunchScreen.storyboard */,
				546C94EE1E107AFD00571006 /* Info.plist */,
				546C94DD1E107AFD00571006 /* Supporting Files */,
			);
			path = APMessenger;
			sourceTree = "<group>";
		};
		546C94DD1E107AFD00571006 /* Supporting Files */ = {
			isa = PBXGroup;
			children = (
				546C94DE1E107AFD00571006 /* main.m */,
			);
			name = "Supporting Files";
			sourceTree = "<group>";
		};
		546C94F61E107AFD00571006 /* APMessengerTests */ = {
			isa = PBXGroup;
			children = (
				546C94F71E107AFD00571006 /* APMessengerTests.m */,
				546C94F91E107AFD00571006 /* Info.plist */,
			);
			path = APMessengerTests;
			sourceTree = "<group>";
		};
		546C95011E107AFD00571006 /* APMessengerUITests */ = {
			isa = PBXGroup;
			children = (
				546C95021E107AFD00571006 /* APMessengerUITests.m */,
				546C95041E107AFD00571006 /* Info.plist */,
			);
			path = APMessengerUITests;
			sourceTree = "<group>";
		};
		E5E06F15FC07BF451B238615 /* Frameworks */ = {
			isa = PBXGroup;
			children = (
				2686E2DBA7AB0D692214CF4F /* libPods-APMessenger.a */,
			);
			name = Frameworks;
			sourceTree = "<group>";
		};
/* End PBXGroup section */

/* Begin PBXNativeTarget section */
		546C94D91E107AFD00571006 /* APMessenger */ = {
			isa = PBXNativeTarget;
			buildConfigurationList = 546C95071E107AFD00571006 /* Build configuration list for PBXNativeTarget "APMessenger" */;
			buildPhases = (
				21E238FB6067A0E4AB5680C9 /* [CP] Check Pods Manifest.lock */,
				546C94D61E107AFD00571006 /* Sources */,
				546C94D71E107AFD00571006 /* Frameworks */,
				546C94D81E107AFD00571006 /* Resources */,
				C06025E2B8CD26EE30F161FB /* [CP] Embed Pods Frameworks */,
				12BB5F592F72A06EC9F4F234 /* [CP] Copy Pods Resources */,
			);
			buildRules = (
			);
			dependencies = (
			);
			name = APMessenger;
			productName = APMessenger;
			productReference = 546C94DA1E107AFD00571006 /* APMessenger.app */;
			productType = "com.apple.product-type.application";
		};
		546C94F21E107AFD00571006 /* APMessengerTests */ = {
			isa = PBXNativeTarget;
			buildConfigurationList = 546C950A1E107AFD00571006 /* Build configuration list for PBXNativeTarget "APMessengerTests" */;
			buildPhases = (
				546C94EF1E107AFD00571006 /* Sources */,
				546C94F01E107AFD00571006 /* Frameworks */,
				546C94F11E107AFD00571006 /* Resources */,
			);
			buildRules = (
			);
			dependencies = (
				546C94F51E107AFD00571006 /* PBXTargetDependency */,
			);
			name = APMessengerTests;
			productName = APMessengerTests;
			productReference = 546C94F31E107AFD00571006 /* APMessengerTests.xctest */;
			productType = "com.apple.product-type.bundle.unit-test";
		};
		546C94FD1E107AFD00571006 /* APMessengerUITests */ = {
			isa = PBXNativeTarget;
			buildConfigurationList = 546C950D1E107AFD00571006 /* Build configuration list for PBXNativeTarget "APMessengerUITests" */;
			buildPhases = (
				546C94FA1E107AFD00571006 /* Sources */,
				546C94FB1E107AFD00571006 /* Frameworks */,
				546C94FC1E107AFD00571006 /* Resources */,
			);
			buildRules = (
			);
			dependencies = (
				546C95001E107AFD00571006 /* PBXTargetDependency */,
			);
			name = APMessengerUITests;
			productName = APMessengerUITests;
			productReference = 546C94FE1E107AFD00571006 /* APMessengerUITests.xctest */;
			productType = "com.apple.product-type.bundle.ui-testing";
		};
/* End PBXNativeTarget section */

/* Begin PBXProject section */
		546C94D21E107AFD00571006 /* Project object */ = {
			isa = PBXProject;
			attributes = {
				LastUpgradeCheck = 0820;
				ORGANIZATIONNAME = "Authority Partners";
				TargetAttributes = {
					546C94D91E107AFD00571006 = {
						CreatedOnToolsVersion = 8.0;
						ProvisioningStyle = Automatic;
					};
					546C94F21E107AFD00571006 = {
						CreatedOnToolsVersion = 8.0;
						ProvisioningStyle = Automatic;
						TestTargetID = 546C94D91E107AFD00571006;
					};
					546C94FD1E107AFD00571006 = {
						CreatedOnToolsVersion = 8.0;
						ProvisioningStyle = Automatic;
						TestTargetID = 546C94D91E107AFD00571006;
					};
				};
			};
			buildConfigurationList = 546C94D51E107AFD00571006 /* Build configuration list for PBXProject "APMessenger" */;
			compatibilityVersion = "Xcode 3.2";
			developmentRegion = English;
			hasScannedForEncodings = 0;
			knownRegions = (
				en,
				Base,
			);
			mainGroup = 546C94D11E107AFD00571006;
			productRefGroup = 546C94DB1E107AFD00571006 /* Products */;
			projectDirPath = "";
			projectRoot = "";
			targets = (
				546C94D91E107AFD00571006 /* APMessenger */,
				546C94F21E107AFD00571006 /* APMessengerTests */,
				546C94FD1E107AFD00571006 /* APMessengerUITests */,
			);
		};
/* End PBXProject section */

/* Begin PBXResourcesBuildPhase section */
		546C94D81E107AFD00571006 /* Resources */ = {
			isa = PBXResourcesBuildPhase;
			buildActionMask = 2147483647;
			files = (
				546C94ED1E107AFD00571006 /* LaunchScreen.storyboard in Resources */,
				546C94EA1E107AFD00571006 /* Assets.xcassets in Resources */,
				546C94E81E107AFD00571006 /* Main.storyboard in Resources */,
			);
			runOnlyForDeploymentPostprocessing = 0;
		};
		546C94F11E107AFD00571006 /* Resources */ = {
			isa = PBXResourcesBuildPhase;
			buildActionMask = 2147483647;
			files = (
			);
			runOnlyForDeploymentPostprocessing = 0;
		};
		546C94FC1E107AFD00571006 /* Resources */ = {
			isa = PBXResourcesBuildPhase;
			buildActionMask = 2147483647;
			files = (
			);
			runOnlyForDeploymentPostprocessing = 0;
		};
/* End PBXResourcesBuildPhase section */

/* Begin PBXShellScriptBuildPhase section */
		12BB5F592F72A06EC9F4F234 /* [CP] Copy Pods Resources */ = {
			isa = PBXShellScriptBuildPhase;
			buildActionMask = 2147483647;
			files = (
			);
			inputPaths = (
			);
			name = "[CP] Copy Pods Resources";
			outputPaths = (
			);
			runOnlyForDeploymentPostprocessing = 0;
			shellPath = /bin/sh;
			shellScript = "\"${SRCROOT}/Pods/Target Support Files/Pods-APMessenger/Pods-APMessenger-resources.sh\"\n";
			showEnvVarsInLog = 0;
		};
		21E238FB6067A0E4AB5680C9 /* [CP] Check Pods Manifest.lock */ = {
			isa = PBXShellScriptBuildPhase;
			buildActionMask = 2147483647;
			files = (
			);
			inputPaths = (
			);
			name = "[CP] Check Pods Manifest.lock";
			outputPaths = (
			);
			runOnlyForDeploymentPostprocessing = 0;
			shellPath = /bin/sh;
			shellScript = "diff \"${PODS_ROOT}/../Podfile.lock\" \"${PODS_ROOT}/Manifest.lock\" > /dev/null\nif [ $? != 0 ] ; then\n    # print error to STDERR\n    echo \"error: The sandbox is not in sync with the Podfile.lock. Run 'pod install' or update your CocoaPods installation.\" >&2\n    exit 1\nfi\n";
			showEnvVarsInLog = 0;
		};
		C06025E2B8CD26EE30F161FB /* [CP] Embed Pods Frameworks */ = {
			isa = PBXShellScriptBuildPhase;
			buildActionMask = 2147483647;
			files = (
			);
			inputPaths = (
			);
			name = "[CP] Embed Pods Frameworks";
			outputPaths = (
			);
			runOnlyForDeploymentPostprocessing = 0;
			shellPath = /bin/sh;
			shellScript = "\"${SRCROOT}/Pods/Target Support Files/Pods-APMessenger/Pods-APMessenger-frameworks.sh\"\n";
			showEnvVarsInLog = 0;
		};
/* End PBXShellScriptBuildPhase section */

/* Begin PBXSourcesBuildPhase section */
		546C94D61E107AFD00571006 /* Sources */ = {
			isa = PBXSourcesBuildPhase;
			buildActionMask = 2147483647;
			files = (
				546C94E51E107AFD00571006 /* ViewController.m in Sources */,
				BF76C9301E26C0C800D3CC49 /* ContactProfileViewController.m in Sources */,
				BF44D9571E26B530004F083A /* ContactsViewController.m in Sources */,
				0FF656151E35499C00C5D5D0 /* TabViewController.m in Sources */,
				BF02D7D11E25A501003A2066 /* RecentTableViewController.m in Sources */,
				546C94E21E107AFD00571006 /* AppDelegate.m in Sources */,
				0FF656141E35499C00C5D5D0 /* RestHelper.m in Sources */,
				BF76C9331E26C26400D3CC49 /* ChatViewController.m in Sources */,
				546C94DF1E107AFD00571006 /* main.m in Sources */,
			);
			runOnlyForDeploymentPostprocessing = 0;
		};
		546C94EF1E107AFD00571006 /* Sources */ = {
			isa = PBXSourcesBuildPhase;
			buildActionMask = 2147483647;
			files = (
				546C94F81E107AFD00571006 /* APMessengerTests.m in Sources */,
			);
			runOnlyForDeploymentPostprocessing = 0;
		};
		546C94FA1E107AFD00571006 /* Sources */ = {
			isa = PBXSourcesBuildPhase;
			buildActionMask = 2147483647;
			files = (
				546C95031E107AFD00571006 /* APMessengerUITests.m in Sources */,
			);
			runOnlyForDeploymentPostprocessing = 0;
		};
/* End PBXSourcesBuildPhase section */

/* Begin PBXTargetDependency section */
		546C94F51E107AFD00571006 /* PBXTargetDependency */ = {
			isa = PBXTargetDependency;
			target = 546C94D91E107AFD00571006 /* APMessenger */;
			targetProxy = 546C94F41E107AFD00571006 /* PBXContainerItemProxy */;
		};
		546C95001E107AFD00571006 /* PBXTargetDependency */ = {
			isa = PBXTargetDependency;
			target = 546C94D91E107AFD00571006 /* APMessenger */;
			targetProxy = 546C94FF1E107AFD00571006 /* PBXContainerItemProxy */;
		};
/* End PBXTargetDependency section */

/* Begin PBXVariantGroup section */
		546C94E61E107AFD00571006 /* Main.storyboard */ = {
			isa = PBXVariantGroup;
			children = (
				546C94E71E107AFD00571006 /* Base */,
			);
			name = Main.storyboard;
			sourceTree = "<group>";
		};
		546C94EB1E107AFD00571006 /* LaunchScreen.storyboard */ = {
			isa = PBXVariantGroup;
			children = (
				546C94EC1E107AFD00571006 /* Base */,
			);
			name = LaunchScreen.storyboard;
			sourceTree = "<group>";
		};
/* End PBXVariantGroup section */

/* Begin XCBuildConfiguration section */
		546C95051E107AFD00571006 /* Debug */ = {
			isa = XCBuildConfiguration;
			buildSettings = {
				ALWAYS_SEARCH_USER_PATHS = NO;
				CLANG_ANALYZER_NONNULL = YES;
				CLANG_CXX_LANGUAGE_STANDARD = "gnu++0x";
				CLANG_CXX_LIBRARY = "libc++";
				CLANG_ENABLE_MODULES = YES;
				CLANG_ENABLE_OBJC_ARC = YES;
				CLANG_WARN_BOOL_CONVERSION = YES;
				CLANG_WARN_CONSTANT_CONVERSION = YES;
				CLANG_WARN_DIRECT_OBJC_ISA_USAGE = YES_ERROR;
				CLANG_WARN_DOCUMENTATION_COMMENTS = YES;
				CLANG_WARN_EMPTY_BODY = YES;
				CLANG_WARN_ENUM_CONVERSION = YES;
				CLANG_WARN_INFINITE_RECURSION = YES;
				CLANG_WARN_INT_CONVERSION = YES;
				CLANG_WARN_OBJC_ROOT_CLASS = YES_ERROR;
				CLANG_WARN_SUSPICIOUS_MOVE = YES;
				CLANG_WARN_SUSPICIOUS_MOVES = YES;
				CLANG_WARN_UNREACHABLE_CODE = YES;
				CLANG_WARN__DUPLICATE_METHOD_MATCH = YES;
				"CODE_SIGN_IDENTITY[sdk=iphoneos*]" = "iPhone Developer";
				COPY_PHASE_STRIP = NO;
				DEBUG_INFORMATION_FORMAT = dwarf;
				ENABLE_STRICT_OBJC_MSGSEND = YES;
				ENABLE_TESTABILITY = YES;
				GCC_C_LANGUAGE_STANDARD = gnu99;
				GCC_DYNAMIC_NO_PIC = NO;
				GCC_NO_COMMON_BLOCKS = YES;
				GCC_OPTIMIZATION_LEVEL = 0;
				GCC_PREPROCESSOR_DEFINITIONS = (
					"DEBUG=1",
					"$(inherited)",
				);
				GCC_WARN_64_TO_32_BIT_CONVERSION = YES;
				GCC_WARN_ABOUT_RETURN_TYPE = YES_ERROR;
				GCC_WARN_UNDECLARED_SELECTOR = YES;
				GCC_WARN_UNINITIALIZED_AUTOS = YES_AGGRESSIVE;
				GCC_WARN_UNUSED_FUNCTION = YES;
				GCC_WARN_UNUSED_VARIABLE = YES;
				IPHONEOS_DEPLOYMENT_TARGET = 10.0;
				MTL_ENABLE_DEBUG_INFO = YES;
				ONLY_ACTIVE_ARCH = YES;
				SDKROOT = iphoneos;
				TARGETED_DEVICE_FAMILY = "1,2";
			};
			name = Debug;
		};
		546C95061E107AFD00571006 /* Release */ = {
			isa = XCBuildConfiguration;
			buildSettings = {
				ALWAYS_SEARCH_USER_PATHS = NO;
				CLANG_ANALYZER_NONNULL = YES;
				CLANG_CXX_LANGUAGE_STANDARD = "gnu++0x";
				CLANG_CXX_LIBRARY = "libc++";
				CLANG_ENABLE_MODULES = YES;
				CLANG_ENABLE_OBJC_ARC = YES;
				CLANG_WARN_BOOL_CONVERSION = YES;
				CLANG_WARN_CONSTANT_CONVERSION = YES;
				CLANG_WARN_DIRECT_OBJC_ISA_USAGE = YES_ERROR;
				CLANG_WARN_DOCUMENTATION_COMMENTS = YES;
				CLANG_WARN_EMPTY_BODY = YES;
				CLANG_WARN_ENUM_CONVERSION = YES;
				CLANG_WARN_INFINITE_RECURSION = YES;
				CLANG_WARN_INT_CONVERSION = YES;
				CLANG_WARN_OBJC_ROOT_CLASS = YES_ERROR;
				CLANG_WARN_SUSPICIOUS_MOVE = YES;
				CLANG_WARN_SUSPICIOUS_MOVES = YES;
				CLANG_WARN_UNREACHABLE_CODE = YES;
				CLANG_WARN__DUPLICATE_METHOD_MATCH = YES;
				"CODE_SIGN_IDENTITY[sdk=iphoneos*]" = "iPhone Developer";
				COPY_PHASE_STRIP = NO;
				DEBUG_INFORMATION_FORMAT = "dwarf-with-dsym";
				ENABLE_NS_ASSERTIONS = NO;
				ENABLE_STRICT_OBJC_MSGSEND = YES;
				GCC_C_LANGUAGE_STANDARD = gnu99;
				GCC_NO_COMMON_BLOCKS = YES;
				GCC_WARN_64_TO_32_BIT_CONVERSION = YES;
				GCC_WARN_ABOUT_RETURN_TYPE = YES_ERROR;
				GCC_WARN_UNDECLARED_SELECTOR = YES;
				GCC_WARN_UNINITIALIZED_AUTOS = YES_AGGRESSIVE;
				GCC_WARN_UNUSED_FUNCTION = YES;
				GCC_WARN_UNUSED_VARIABLE = YES;
				IPHONEOS_DEPLOYMENT_TARGET = 10.0;
				MTL_ENABLE_DEBUG_INFO = NO;
				SDKROOT = iphoneos;
				TARGETED_DEVICE_FAMILY = "1,2";
				VALIDATE_PRODUCT = YES;
			};
			name = Release;
		};
		546C95081E107AFD00571006 /* Debug */ = {
			isa = XCBuildConfiguration;
			baseConfigurationReference = 9DF23F6704F6D34C2CD7271B /* Pods-APMessenger.debug.xcconfig */;
			buildSettings = {
				ASSETCATALOG_COMPILER_APPICON_NAME = AppIcon;
				INFOPLIST_FILE = APMessenger/Info.plist;
				LD_RUNPATH_SEARCH_PATHS = "$(inherited) @executable_path/Frameworks";
				PRODUCT_BUNDLE_IDENTIFIER = api.APMessenger;
				PRODUCT_NAME = "$(TARGET_NAME)";
			};
			name = Debug;
		};
		546C95091E107AFD00571006 /* Release */ = {
			isa = XCBuildConfiguration;
			baseConfigurationReference = BD4809E229DF0814B75AEAF5 /* Pods-APMessenger.release.xcconfig */;
			buildSettings = {
				ASSETCATALOG_COMPILER_APPICON_NAME = AppIcon;
				INFOPLIST_FILE = APMessenger/Info.plist;
				LD_RUNPATH_SEARCH_PATHS = "$(inherited) @executable_path/Frameworks";
				PRODUCT_BUNDLE_IDENTIFIER = api.APMessenger;
				PRODUCT_NAME = "$(TARGET_NAME)";
			};
			name = Release;
		};
		546C950B1E107AFD00571006 /* Debug */ = {
			isa = XCBuildConfiguration;
			buildSettings = {
				BUNDLE_LOADER = "$(TEST_HOST)";
				INFOPLIST_FILE = APMessengerTests/Info.plist;
				LD_RUNPATH_SEARCH_PATHS = "$(inherited) @executable_path/Frameworks @loader_path/Frameworks";
				PRODUCT_BUNDLE_IDENTIFIER = api.APMessengerTests;
				PRODUCT_NAME = "$(TARGET_NAME)";
				TEST_HOST = "$(BUILT_PRODUCTS_DIR)/APMessenger.app/APMessenger";
			};
			name = Debug;
		};
		546C950C1E107AFD00571006 /* Release */ = {
			isa = XCBuildConfiguration;
			buildSettings = {
				BUNDLE_LOADER = "$(TEST_HOST)";
				INFOPLIST_FILE = APMessengerTests/Info.plist;
				LD_RUNPATH_SEARCH_PATHS = "$(inherited) @executable_path/Frameworks @loader_path/Frameworks";
				PRODUCT_BUNDLE_IDENTIFIER = api.APMessengerTests;
				PRODUCT_NAME = "$(TARGET_NAME)";
				TEST_HOST = "$(BUILT_PRODUCTS_DIR)/APMessenger.app/APMessenger";
			};
			name = Release;
		};
		546C950E1E107AFD00571006 /* Debug */ = {
			isa = XCBuildConfiguration;
			buildSettings = {
				INFOPLIST_FILE = APMessengerUITests/Info.plist;
				LD_RUNPATH_SEARCH_PATHS = "$(inherited) @executable_path/Frameworks @loader_path/Frameworks";
				PRODUCT_BUNDLE_IDENTIFIER = api.APMessengerUITests;
				PRODUCT_NAME = "$(TARGET_NAME)";
				TEST_TARGET_NAME = APMessenger;
			};
			name = Debug;
		};
		546C950F1E107AFD00571006 /* Release */ = {
			isa = XCBuildConfiguration;
			buildSettings = {
				INFOPLIST_FILE = APMessengerUITests/Info.plist;
				LD_RUNPATH_SEARCH_PATHS = "$(inherited) @executable_path/Frameworks @loader_path/Frameworks";
				PRODUCT_BUNDLE_IDENTIFIER = api.APMessengerUITests;
				PRODUCT_NAME = "$(TARGET_NAME)";
				TEST_TARGET_NAME = APMessenger;
			};
			name = Release;
		};
/* End XCBuildConfiguration section */

/* Begin XCConfigurationList section */
		546C94D51E107AFD00571006 /* Build configuration list for PBXProject "APMessenger" */ = {
			isa = XCConfigurationList;
			buildConfigurations = (
				546C95051E107AFD00571006 /* Debug */,
				546C95061E107AFD00571006 /* Release */,
			);
			defaultConfigurationIsVisible = 0;
			defaultConfigurationName = Release;
		};
		546C95071E107AFD00571006 /* Build configuration list for PBXNativeTarget "APMessenger" */ = {
			isa = XCConfigurationList;
			buildConfigurations = (
				546C95081E107AFD00571006 /* Debug */,
				546C95091E107AFD00571006 /* Release */,
			);
			defaultConfigurationIsVisible = 0;
			defaultConfigurationName = Release;
		};
		546C950A1E107AFD00571006 /* Build configuration list for PBXNativeTarget "APMessengerTests" */ = {
			isa = XCConfigurationList;
			buildConfigurations = (
				546C950B1E107AFD00571006 /* Debug */,
				546C950C1E107AFD00571006 /* Release */,
			);
			defaultConfigurationIsVisible = 0;
			defaultConfigurationName = Release;
		};
		546C950D1E107AFD00571006 /* Build configuration list for PBXNativeTarget "APMessengerUITests" */ = {
			isa = XCConfigurationList;
			buildConfigurations = (
				546C950E1E107AFD00571006 /* Debug */,
				546C950F1E107AFD00571006 /* Release */,
			);
			defaultConfigurationIsVisible = 0;
			defaultConfigurationName = Release;
		};
/* End XCConfigurationList section */
	};
	rootObject = 546C94D21E107AFD00571006 /* Project object */;
}
